
Microsoft Visual Studio Solution File, Format Version 12.00
# Visual Studio Version 16
VisualStudioVersion = 16.0.30011.22
MinimumVisualStudioVersion = 10.0.40219.1
Project("{9A19103F-16F7-4668-BE54-9A1E7A4F7556}") = "RTL.API", "RTL.API\RTL.API.csproj", "{88AC2B86-8835-4DB4-85AD-28C94ACC1015}"
EndProject
Project("{FAE04EC0-301F-11D3-BF4B-00C04F79EFBC}") = "RTL.Test", "RTL.Test\RTL.Test.csproj", "{7F5FF3E6-9144-42AA-98F1-FFD9409607DA}"
EndProject
Global
	GlobalSection(SolutionConfigurationPlatforms) = preSolution
		Debug|Any CPU = Debug|Any CPU
		Release|Any CPU = Release|Any CPU
	EndGlobalSection
	GlobalSection(ProjectConfigurationPlatforms) = postSolution
		{88AC2B86-8835-4DB4-85AD-28C94ACC1015}.Debug|Any CPU.ActiveCfg = Debug|Any CPU
		{88AC2B86-8835-4DB4-85AD-28C94ACC1015}.Debug|Any CPU.Build.0 = Debug|Any CPU
		{88AC2B86-8835-4DB4-85AD-28C94ACC1015}.Release|Any CPU.ActiveCfg = Release|Any CPU
		{88AC2B86-8835-4DB4-85AD-28C94ACC1015}.Release|Any CPU.Build.0 = Release|Any CPU
		{7F5FF3E6-9144-42AA-98F1-FFD9409607DA}.Debug|Any CPU.ActiveCfg = Debug|Any CPU
		{7F5FF3E6-9144-42AA-98F1-FFD9409607DA}.Debug|Any CPU.Build.0 = Debug|Any CPU
		{7F5FF3E6-9144-42AA-98F1-FFD9409607DA}.Release|Any CPU.ActiveCfg = Release|Any CPU
		{7F5FF3E6-9144-42AA-98F1-FFD9409607DA}.Release|Any CPU.Build.0 = Release|Any CPU
	EndGlobalSection
	GlobalSection(SolutionProperties) = preSolution
		HideSolutionNode = FALSE
	EndGlobalSection
	GlobalSection(ExtensibilityGlobals) = postSolution
		SolutionGuid = {3D25899F-D16C-498C-A291-356378BDE159}
	EndGlobalSection
EndGlobal
